
Microsoft Visual Studio Solution File, Format Version 12.00
# Visual Studio Version 16
VisualStudioVersion = 16.0.31410.357
MinimumVisualStudioVersion = 10.0.40219.1
Project("{8BC9CEB8-8B4A-11D0-8D11-00A0C91BC942}") = "OpenGL-Engine-Core", "OpenGL-Engine-Core\OpenGL-Engine-Core.vcxproj", "{523A429C-8505-45D9-8E64-3D75A28EDFCC}"
EndProject
Global
	GlobalSection(SolutionConfigurationPlatforms) = preSolution
		Debug|Win32 = Debug|Win32
		Debug|x64 = Debug|x64
		Release|Win32 = Release|Win32
		Release|x64 = Release|x64
	EndGlobalSection
	GlobalSection(ProjectConfigurationPlatforms) = postSolution
		{523A429C-8505-45D9-8E64-3D75A28EDFCC}.Debug|Win32.ActiveCfg = Debug|Win32
		{523A429C-8505-45D9-8E64-3D75A28EDFCC}.Debug|Win32.Build.0 = Debug|Win32
		{523A429C-8505-45D9-8E64-3D75A28EDFCC}.Debug|x64.ActiveCfg = Debug|x64
		{523A429C-8505-45D9-8E64-3D75A28EDFCC}.Debug|x64.Build.0 = Debug|x64
		{523A429C-8505-45D9-8E64-3D75A28EDFCC}.Release|Win32.ActiveCfg = Release|Win32
		{523A429C-8505-45D9-8E64-3D75A28EDFCC}.Release|Win32.Build.0 = Release|Win32
		{523A429C-8505-45D9-8E64-3D75A28EDFCC}.Release|x64.ActiveCfg = Release|x64
		{523A429C-8505-45D9-8E64-3D75A28EDFCC}.Release|x64.Build.0 = Release|x64
	EndGlobalSection
	GlobalSection(SolutionProperties) = preSolution
		HideSolutionNode = FALSE
	EndGlobalSection
	GlobalSection(ExtensibilityGlobals) = postSolution
		SolutionGuid = {14E90829-16C2-46D2-936F-E98F99BD1255}
	EndGlobalSection
EndGlobal
